
Microsoft Visual Studio Solution File, Format Version 12.00
# Visual Studio Version 17
Project("{8BC9CEB8-8B4A-11D0-8D11-00A0C91BC942}") = "ALL_BUILD", "ALL_BUILD.vcxproj", "{240C1E67-577E-335B-9B0B-51B84FC47FFE}"
	ProjectSection(ProjectDependencies) = postProject
		{6880A28B-72FA-3C9E-97A4-9BC8D10CE1B6} = {6880A28B-72FA-3C9E-97A4-9BC8D10CE1B6}
		{9BE5A237-6957-3C96-9688-6185290A477A} = {9BE5A237-6957-3C96-9688-6185290A477A}
		{839C2AD2-72F4-30A6-A194-06AE3301B0CB} = {839C2AD2-72F4-30A6-A194-06AE3301B0CB}
		{7C554DB7-7FC9-3980-8261-FC3A7BE3A0F7} = {7C554DB7-7FC9-3980-8261-FC3A7BE3A0F7}
		{72E7ADBA-1763-30A9-90CC-8312CB074E2D} = {72E7ADBA-1763-30A9-90CC-8312CB074E2D}
		{4DE2518E-8A14-3DE7-A2A3-D6C3AF80199D} = {4DE2518E-8A14-3DE7-A2A3-D6C3AF80199D}
		{59AD5056-2087-3184-9821-8C9517DE08E7} = {59AD5056-2087-3184-9821-8C9517DE08E7}
		{AFB12CEB-FD65-3D6F-9C10-0F87B39934A4} = {AFB12CEB-FD65-3D6F-9C10-0F87B39934A4}
	EndProjectSection
EndProject
Project("{8BC9CEB8-8B4A-11D0-8D11-00A0C91BC942}") = "Continuous", "Continuous.vcxproj", "{B7063A06-C784-39AE-BB8E-E233B2C43384}"
	ProjectSection(ProjectDependencies) = postProject
		{6880A28B-72FA-3C9E-97A4-9BC8D10CE1B6} = {6880A28B-72FA-3C9E-97A4-9BC8D10CE1B6}
	EndProjectSection
EndProject
Project("{8BC9CEB8-8B4A-11D0-8D11-00A0C91BC942}") = "Experimental", "Experimental.vcxproj", "{EAED63FA-1958-3578-9284-E97E9B99B67C}"
	ProjectSection(ProjectDependencies) = postProject
		{6880A28B-72FA-3C9E-97A4-9BC8D10CE1B6} = {6880A28B-72FA-3C9E-97A4-9BC8D10CE1B6}
	EndProjectSection
EndProject
Project("{8BC9CEB8-8B4A-11D0-8D11-00A0C91BC942}") = "INSTALL", "INSTALL.vcxproj", "{2482A79E-A9D8-3ADD-886C-C184F94C1732}"
	ProjectSection(ProjectDependencies) = postProject
		{240C1E67-577E-335B-9B0B-51B84FC47FFE} = {240C1E67-577E-335B-9B0B-51B84FC47FFE}
		{6880A28B-72FA-3C9E-97A4-9BC8D10CE1B6} = {6880A28B-72FA-3C9E-97A4-9BC8D10CE1B6}
	EndProjectSection
EndProject
Project("{8BC9CEB8-8B4A-11D0-8D11-00A0C91BC942}") = "Nightly", "Nightly.vcxproj", "{CD44FD59-CCAB-31B8-A5D2-E77B70AF113A}"
	ProjectSection(ProjectDependencies) = postProject
		{6880A28B-72FA-3C9E-97A4-9BC8D10CE1B6} = {6880A28B-72FA-3C9E-97A4-9BC8D10CE1B6}
	EndProjectSection
EndProject
Project("{8BC9CEB8-8B4A-11D0-8D11-00A0C91BC942}") = "NightlyMemoryCheck", "NightlyMemoryCheck.vcxproj", "{D8BB470C-BF89-3EA5-811B-6FA4E9E25111}"
	ProjectSection(ProjectDependencies) = postProject
		{6880A28B-72FA-3C9E-97A4-9BC8D10CE1B6} = {6880A28B-72FA-3C9E-97A4-9BC8D10CE1B6}
	EndProjectSection
EndProject
Project("{8BC9CEB8-8B4A-11D0-8D11-00A0C91BC942}") = "RUN_TESTS", "RUN_TESTS.vcxproj", "{FD4C28B5-7F28-3672-82B2-7179B02B51C1}"
	ProjectSection(ProjectDependencies) = postProject
		{6880A28B-72FA-3C9E-97A4-9BC8D10CE1B6} = {6880A28B-72FA-3C9E-97A4-9BC8D10CE1B6}
	EndProjectSection
EndProject
Project("{8BC9CEB8-8B4A-11D0-8D11-00A0C91BC942}") = "ZERO_CHECK", "ZERO_CHECK.vcxproj", "{6880A28B-72FA-3C9E-97A4-9BC8D10CE1B6}"
	ProjectSection(ProjectDependencies) = postProject
	EndProjectSection
EndProject
Project("{8BC9CEB8-8B4A-11D0-8D11-00A0C91BC942}") = "exam_scheduler", "exam_scheduler.vcxproj", "{9BE5A237-6957-3C96-9688-6185290A477A}"
	ProjectSection(ProjectDependencies) = postProject
		{6880A28B-72FA-3C9E-97A4-9BC8D10CE1B6} = {6880A28B-72FA-3C9E-97A4-9BC8D10CE1B6}
		{5621102B-DFD2-3D5B-9ECD-10AE3B378E5F} = {5621102B-DFD2-3D5B-9ECD-10AE3B378E5F}
	EndProjectSection
EndProject
Project("{8BC9CEB8-8B4A-11D0-8D11-00A0C91BC942}") = "exam_scheduler_qmlimportscan", "exam_scheduler_qmlimportscan.vcxproj", "{5621102B-DFD2-3D5B-9ECD-10AE3B378E5F}"
	ProjectSection(ProjectDependencies) = postProject
		{6880A28B-72FA-3C9E-97A4-9BC8D10CE1B6} = {6880A28B-72FA-3C9E-97A4-9BC8D10CE1B6}
	EndProjectSection
EndProject
Project("{8BC9CEB8-8B4A-11D0-8D11-00A0C91BC942}") = "invalid_input_integration_test", "tests\invalid_input_integration_test.vcxproj", "{839C2AD2-72F4-30A6-A194-06AE3301B0CB}"
	ProjectSection(ProjectDependencies) = postProject
		{6880A28B-72FA-3C9E-97A4-9BC8D10CE1B6} = {6880A28B-72FA-3C9E-97A4-9BC8D10CE1B6}
	EndProjectSection
EndProject
Project("{8BC9CEB8-8B4A-11D0-8D11-00A0C91BC942}") = "no_solution_integration_test", "tests\no_solution_integration_test.vcxproj", "{7C554DB7-7FC9-3980-8261-FC3A7BE3A0F7}"
	ProjectSection(ProjectDependencies) = postProject
		{6880A28B-72FA-3C9E-97A4-9BC8D10CE1B6} = {6880A28B-72FA-3C9E-97A4-9BC8D10CE1B6}
	EndProjectSection
EndProject
Project("{8BC9CEB8-8B4A-11D0-8D11-00A0C91BC942}") = "overlap_conflict_integration_test", "tests\overlap_conflict_integration_test.vcxproj", "{72E7ADBA-1763-30A9-90CC-8312CB074E2D}"
	ProjectSection(ProjectDependencies) = postProject
		{6880A28B-72FA-3C9E-97A4-9BC8D10CE1B6} = {6880A28B-72FA-3C9E-97A4-9BC8D10CE1B6}
	EndProjectSection
EndProject
Project("{8BC9CEB8-8B4A-11D0-8D11-00A0C91BC942}") = "parser_preprocessor_integration_test", "tests\parser_preprocessor_integration_test.vcxproj", "{4DE2518E-8A14-3DE7-A2A3-D6C3AF80199D}"
	ProjectSection(ProjectDependencies) = postProject
		{6880A28B-72FA-3C9E-97A4-9BC8D10CE1B6} = {6880A28B-72FA-3C9E-97A4-9BC8D10CE1B6}
	EndProjectSection
EndProject
Project("{8BC9CEB8-8B4A-11D0-8D11-00A0C91BC942}") = "program_course_model_test", "tests\program_course_model_test.vcxproj", "{59AD5056-2087-3184-9821-8C9517DE08E7}"
	ProjectSection(ProjectDependencies) = postProject
		{6880A28B-72FA-3C9E-97A4-9BC8D10CE1B6} = {6880A28B-72FA-3C9E-97A4-9BC8D10CE1B6}
	EndProjectSection
EndProject
Project("{8BC9CEB8-8B4A-11D0-8D11-00A0C91BC942}") = "scheduler_integration_test", "tests\scheduler_integration_test.vcxproj", "{AFB12CEB-FD65-3D6F-9C10-0F87B39934A4}"
	ProjectSection(ProjectDependencies) = postProject
		{6880A28B-72FA-3C9E-97A4-9BC8D10CE1B6} = {6880A28B-72FA-3C9E-97A4-9BC8D10CE1B6}
	EndProjectSection
EndProject
Global
	GlobalSection(SolutionConfigurationPlatforms) = preSolution
		Debug|x64 = Debug|x64
		Release|x64 = Release|x64
		MinSizeRel|x64 = MinSizeRel|x64
		RelWithDebInfo|x64 = RelWithDebInfo|x64
	EndGlobalSection
	GlobalSection(ProjectConfigurationPlatforms) = postSolution
		{240C1E67-577E-335B-9B0B-51B84FC47FFE}.Debug|x64.ActiveCfg = Debug|x64
		{240C1E67-577E-335B-9B0B-51B84FC47FFE}.Debug|x64.Build.0 = Debug|x64
		{240C1E67-577E-335B-9B0B-51B84FC47FFE}.Release|x64.ActiveCfg = Release|x64
		{240C1E67-577E-335B-9B0B-51B84FC47FFE}.Release|x64.Build.0 = Release|x64
		{240C1E67-577E-335B-9B0B-51B84FC47FFE}.MinSizeRel|x64.ActiveCfg = MinSizeRel|x64
		{240C1E67-577E-335B-9B0B-51B84FC47FFE}.MinSizeRel|x64.Build.0 = MinSizeRel|x64
		{240C1E67-577E-335B-9B0B-51B84FC47FFE}.RelWithDebInfo|x64.ActiveCfg = RelWithDebInfo|x64
		{240C1E67-577E-335B-9B0B-51B84FC47FFE}.RelWithDebInfo|x64.Build.0 = RelWithDebInfo|x64
		{B7063A06-C784-39AE-BB8E-E233B2C43384}.Debug|x64.ActiveCfg = Debug|x64
		{B7063A06-C784-39AE-BB8E-E233B2C43384}.Release|x64.ActiveCfg = Release|x64
		{B7063A06-C784-39AE-BB8E-E233B2C43384}.MinSizeRel|x64.ActiveCfg = MinSizeRel|x64
		{B7063A06-C784-39AE-BB8E-E233B2C43384}.RelWithDebInfo|x64.ActiveCfg = RelWithDebInfo|x64
		{EAED63FA-1958-3578-9284-E97E9B99B67C}.Debug|x64.ActiveCfg = Debug|x64
		{EAED63FA-1958-3578-9284-E97E9B99B67C}.Release|x64.ActiveCfg = Release|x64
		{EAED63FA-1958-3578-9284-E97E9B99B67C}.MinSizeRel|x64.ActiveCfg = MinSizeRel|x64
		{EAED63FA-1958-3578-9284-E97E9B99B67C}.RelWithDebInfo|x64.ActiveCfg = RelWithDebInfo|x64
		{2482A79E-A9D8-3ADD-886C-C184F94C1732}.Debug|x64.ActiveCfg = Debug|x64
		{2482A79E-A9D8-3ADD-886C-C184F94C1732}.Release|x64.ActiveCfg = Release|x64
		{2482A79E-A9D8-3ADD-886C-C184F94C1732}.MinSizeRel|x64.ActiveCfg = MinSizeRel|x64
		{2482A79E-A9D8-3ADD-886C-C184F94C1732}.RelWithDebInfo|x64.ActiveCfg = RelWithDebInfo|x64
		{CD44FD59-CCAB-31B8-A5D2-E77B70AF113A}.Debug|x64.ActiveCfg = Debug|x64
		{CD44FD59-CCAB-31B8-A5D2-E77B70AF113A}.Release|x64.ActiveCfg = Release|x64
		{CD44FD59-CCAB-31B8-A5D2-E77B70AF113A}.MinSizeRel|x64.ActiveCfg = MinSizeRel|x64
		{CD44FD59-CCAB-31B8-A5D2-E77B70AF113A}.RelWithDebInfo|x64.ActiveCfg = RelWithDebInfo|x64
		{D8BB470C-BF89-3EA5-811B-6FA4E9E25111}.Debug|x64.ActiveCfg = Debug|x64
		{D8BB470C-BF89-3EA5-811B-6FA4E9E25111}.Release|x64.ActiveCfg = Release|x64
		{D8BB470C-BF89-3EA5-811B-6FA4E9E25111}.MinSizeRel|x64.ActiveCfg = MinSizeRel|x64
		{D8BB470C-BF89-3EA5-811B-6FA4E9E25111}.RelWithDebInfo|x64.ActiveCfg = RelWithDebInfo|x64
		{FD4C28B5-7F28-3672-82B2-7179B02B51C1}.Debug|x64.ActiveCfg = Debug|x64
		{FD4C28B5-7F28-3672-82B2-7179B02B51C1}.Release|x64.ActiveCfg = Release|x64
		{FD4C28B5-7F28-3672-82B2-7179B02B51C1}.MinSizeRel|x64.ActiveCfg = MinSizeRel|x64
		{FD4C28B5-7F28-3672-82B2-7179B02B51C1}.RelWithDebInfo|x64.ActiveCfg = RelWithDebInfo|x64
		{6880A28B-72FA-3C9E-97A4-9BC8D10CE1B6}.Debug|x64.ActiveCfg = Debug|x64
		{6880A28B-72FA-3C9E-97A4-9BC8D10CE1B6}.Debug|x64.Build.0 = Debug|x64
		{6880A28B-72FA-3C9E-97A4-9BC8D10CE1B6}.Release|x64.ActiveCfg = Release|x64
		{6880A28B-72FA-3C9E-97A4-9BC8D10CE1B6}.Release|x64.Build.0 = Release|x64
		{6880A28B-72FA-3C9E-97A4-9BC8D10CE1B6}.MinSizeRel|x64.ActiveCfg = MinSizeRel|x64
		{6880A28B-72FA-3C9E-97A4-9BC8D10CE1B6}.MinSizeRel|x64.Build.0 = MinSizeRel|x64
		{6880A28B-72FA-3C9E-97A4-9BC8D10CE1B6}.RelWithDebInfo|x64.ActiveCfg = RelWithDebInfo|x64
		{6880A28B-72FA-3C9E-97A4-9BC8D10CE1B6}.RelWithDebInfo|x64.Build.0 = RelWithDebInfo|x64
		{9BE5A237-6957-3C96-9688-6185290A477A}.Debug|x64.ActiveCfg = Debug|x64
		{9BE5A237-6957-3C96-9688-6185290A477A}.Debug|x64.Build.0 = Debug|x64
		{9BE5A237-6957-3C96-9688-6185290A477A}.Release|x64.ActiveCfg = Release|x64
		{9BE5A237-6957-3C96-9688-6185290A477A}.Release|x64.Build.0 = Release|x64
		{9BE5A237-6957-3C96-9688-6185290A477A}.MinSizeRel|x64.ActiveCfg = MinSizeRel|x64
		{9BE5A237-6957-3C96-9688-6185290A477A}.MinSizeRel|x64.Build.0 = MinSizeRel|x64
		{9BE5A237-6957-3C96-9688-6185290A477A}.RelWithDebInfo|x64.ActiveCfg = RelWithDebInfo|x64
		{9BE5A237-6957-3C96-9688-6185290A477A}.RelWithDebInfo|x64.Build.0 = RelWithDebInfo|x64
		{5621102B-DFD2-3D5B-9ECD-10AE3B378E5F}.Debug|x64.ActiveCfg = Debug|x64
		{5621102B-DFD2-3D5B-9ECD-10AE3B378E5F}.Debug|x64.Build.0 = Debug|x64
		{5621102B-DFD2-3D5B-9ECD-10AE3B378E5F}.Release|x64.ActiveCfg = Release|x64
		{5621102B-DFD2-3D5B-9ECD-10AE3B378E5F}.Release|x64.Build.0 = Release|x64
		{5621102B-DFD2-3D5B-9ECD-10AE3B378E5F}.MinSizeRel|x64.ActiveCfg = MinSizeRel|x64
		{5621102B-DFD2-3D5B-9ECD-10AE3B378E5F}.MinSizeRel|x64.Build.0 = MinSizeRel|x64
		{5621102B-DFD2-3D5B-9ECD-10AE3B378E5F}.RelWithDebInfo|x64.ActiveCfg = RelWithDebInfo|x64
		{5621102B-DFD2-3D5B-9ECD-10AE3B378E5F}.RelWithDebInfo|x64.Build.0 = RelWithDebInfo|x64
		{839C2AD2-72F4-30A6-A194-06AE3301B0CB}.Debug|x64.ActiveCfg = Debug|x64
		{839C2AD2-72F4-30A6-A194-06AE3301B0CB}.Debug|x64.Build.0 = Debug|x64
		{839C2AD2-72F4-30A6-A194-06AE3301B0CB}.Release|x64.ActiveCfg = Release|x64
		{839C2AD2-72F4-30A6-A194-06AE3301B0CB}.Release|x64.Build.0 = Release|x64
		{839C2AD2-72F4-30A6-A194-06AE3301B0CB}.MinSizeRel|x64.ActiveCfg = MinSizeRel|x64
		{839C2AD2-72F4-30A6-A194-06AE3301B0CB}.MinSizeRel|x64.Build.0 = MinSizeRel|x64
		{839C2AD2-72F4-30A6-A194-06AE3301B0CB}.RelWithDebInfo|x64.ActiveCfg = RelWithDebInfo|x64
		{839C2AD2-72F4-30A6-A194-06AE3301B0CB}.RelWithDebInfo|x64.Build.0 = RelWithDebInfo|x64
		{7C554DB7-7FC9-3980-8261-FC3A7BE3A0F7}.Debug|x64.ActiveCfg = Debug|x64
		{7C554DB7-7FC9-3980-8261-FC3A7BE3A0F7}.Debug|x64.Build.0 = Debug|x64
		{7C554DB7-7FC9-3980-8261-FC3A7BE3A0F7}.Release|x64.ActiveCfg = Release|x64
		{7C554DB7-7FC9-3980-8261-FC3A7BE3A0F7}.Release|x64.Build.0 = Release|x64
		{7C554DB7-7FC9-3980-8261-FC3A7BE3A0F7}.MinSizeRel|x64.ActiveCfg = MinSizeRel|x64
		{7C554DB7-7FC9-3980-8261-FC3A7BE3A0F7}.MinSizeRel|x64.Build.0 = MinSizeRel|x64
		{7C554DB7-7FC9-3980-8261-FC3A7BE3A0F7}.RelWithDebInfo|x64.ActiveCfg = RelWithDebInfo|x64
		{7C554DB7-7FC9-3980-8261-FC3A7BE3A0F7}.RelWithDebInfo|x64.Build.0 = RelWithDebInfo|x64
		{72E7ADBA-1763-30A9-90CC-8312CB074E2D}.Debug|x64.ActiveCfg = Debug|x64
		{72E7ADBA-1763-30A9-90CC-8312CB074E2D}.Debug|x64.Build.0 = Debug|x64
		{72E7ADBA-1763-30A9-90CC-8312CB074E2D}.Release|x64.ActiveCfg = Release|x64
		{72E7ADBA-1763-30A9-90CC-8312CB074E2D}.Release|x64.Build.0 = Release|x64
		{72E7ADBA-1763-30A9-90CC-8312CB074E2D}.MinSizeRel|x64.ActiveCfg = MinSizeRel|x64
		{72E7ADBA-1763-30A9-90CC-8312CB074E2D}.MinSizeRel|x64.Build.0 = MinSizeRel|x64
		{72E7ADBA-1763-30A9-90CC-8312CB074E2D}.RelWithDebInfo|x64.ActiveCfg = RelWithDebInfo|x64
		{72E7ADBA-1763-30A9-90CC-8312CB074E2D}.RelWithDebInfo|x64.Build.0 = RelWithDebInfo|x64
		{4DE2518E-8A14-3DE7-A2A3-D6C3AF80199D}.Debug|x64.ActiveCfg = Debug|x64
		{4DE2518E-8A14-3DE7-A2A3-D6C3AF80199D}.Debug|x64.Build.0 = Debug|x64
		{4DE2518E-8A14-3DE7-A2A3-D6C3AF80199D}.Release|x64.ActiveCfg = Release|x64
		{4DE2518E-8A14-3DE7-A2A3-D6C3AF80199D}.Release|x64.Build.0 = Release|x64
		{4DE2518E-8A14-3DE7-A2A3-D6C3AF80199D}.MinSizeRel|x64.ActiveCfg = MinSizeRel|x64
		{4DE2518E-8A14-3DE7-A2A3-D6C3AF80199D}.MinSizeRel|x64.Build.0 = MinSizeRel|x64
		{4DE2518E-8A14-3DE7-A2A3-D6C3AF80199D}.RelWithDebInfo|x64.ActiveCfg = RelWithDebInfo|x64
		{4DE2518E-8A14-3DE7-A2A3-D6C3AF80199D}.RelWithDebInfo|x64.Build.0 = RelWithDebInfo|x64
		{59AD5056-2087-3184-9821-8C9517DE08E7}.Debug|x64.ActiveCfg = Debug|x64
		{59AD5056-2087-3184-9821-8C9517DE08E7}.Debug|x64.Build.0 = Debug|x64
		{59AD5056-2087-3184-9821-8C9517DE08E7}.Release|x64.ActiveCfg = Release|x64
		{59AD5056-2087-3184-9821-8C9517DE08E7}.Release|x64.Build.0 = Release|x64
		{59AD5056-2087-3184-9821-8C9517DE08E7}.MinSizeRel|x64.ActiveCfg = MinSizeRel|x64
		{59AD5056-2087-3184-9821-8C9517DE08E7}.MinSizeRel|x64.Build.0 = MinSizeRel|x64
		{59AD5056-2087-3184-9821-8C9517DE08E7}.RelWithDebInfo|x64.ActiveCfg = RelWithDebInfo|x64
		{59AD5056-2087-3184-9821-8C9517DE08E7}.RelWithDebInfo|x64.Build.0 = RelWithDebInfo|x64
		{AFB12CEB-FD65-3D6F-9C10-0F87B39934A4}.Debug|x64.ActiveCfg = Debug|x64
		{AFB12CEB-FD65-3D6F-9C10-0F87B39934A4}.Debug|x64.Build.0 = Debug|x64
		{AFB12CEB-FD65-3D6F-9C10-0F87B39934A4}.Release|x64.ActiveCfg = Release|x64
		{AFB12CEB-FD65-3D6F-9C10-0F87B39934A4}.Release|x64.Build.0 = Release|x64
		{AFB12CEB-FD65-3D6F-9C10-0F87B39934A4}.MinSizeRel|x64.ActiveCfg = MinSizeRel|x64
		{AFB12CEB-FD65-3D6F-9C10-0F87B39934A4}.MinSizeRel|x64.Build.0 = MinSizeRel|x64
		{AFB12CEB-FD65-3D6F-9C10-0F87B39934A4}.RelWithDebInfo|x64.ActiveCfg = RelWithDebInfo|x64
		{AFB12CEB-FD65-3D6F-9C10-0F87B39934A4}.RelWithDebInfo|x64.Build.0 = RelWithDebInfo|x64
	EndGlobalSection
	GlobalSection(ExtensibilityGlobals) = postSolution
		SolutionGuid = {5EF6B759-D9EB-3499-BFBB-8F46E4F6B78C}
	EndGlobalSection
	GlobalSection(ExtensibilityAddIns) = postSolution
	EndGlobalSection
EndGlobal
