<?xml version="1.0" encoding="utf-8"?>
<Project ToolsVersion="17.0" xmlns="http://schemas.microsoft.com/developer/msbuild/2003">
  <ItemGroup>
    <CustomBuild Include="C:\Users\user\Desktop\Test_Scheduling_Proj\build_integrated_tests\CMakeFiles\d9cf875e83c88d4b3583fb1d824505a0\generate.stamp.rule">
      <Filter>CMake Rules</Filter>
    </CustomBuild>
  </ItemGroup>
  <ItemGroup>
    <Filter Include="CMake Rules">
      <UniqueIdentifier>{6DD43EE0-0E69-357C-A216-AF18B4A1C78C}</UniqueIdentifier>
    </Filter>
  </ItemGroup>
</Project>
